// !$*UTF8*$!
{
	archiveVersion = 1;
	classes = {
	};
	objectVersion = 56;
	objects = {

/* Begin PBXBuildFile section */
		FB014EA12A330B65000F3EB8 /* AppDelegate.swift in Sources */ = {isa = PBXBuildFile; fileRef = FB014EA02A330B65000F3EB8 /* AppDelegate.swift */; };
		FB014EA32A330B65000F3EB8 /* SceneDelegate.swift in Sources */ = {isa = PBXBuildFile; fileRef = FB014EA22A330B65000F3EB8 /* SceneDelegate.swift */; };
		FB014EA52A330B65000F3EB8 /* ReviewListViewController.swift in Sources */ = {isa = PBXBuildFile; fileRef = FB014EA42A330B65000F3EB8 /* ReviewListViewController.swift */; };
		FB014EAA2A330B67000F3EB8 /* Assets.xcassets in Resources */ = {isa = PBXBuildFile; fileRef = FB014EA92A330B67000F3EB8 /* Assets.xcassets */; };
		FB014EAD2A330B67000F3EB8 /* LaunchScreen.storyboard in Resources */ = {isa = PBXBuildFile; fileRef = FB014EAB2A330B67000F3EB8 /* LaunchScreen.storyboard */; };
		FB014EB82A330B67000F3EB8 /* ReviewListPresenterTests.swift in Sources */ = {isa = PBXBuildFile; fileRef = FB014EB72A330B67000F3EB8 /* ReviewListPresenterTests.swift */; };
		FB014EC22A330B67000F3EB8 /* BookReviewUITests.swift in Sources */ = {isa = PBXBuildFile; fileRef = FB014EC12A330B67000F3EB8 /* BookReviewUITests.swift */; };
		FB014EC42A330B67000F3EB8 /* BookReviewUITestsLaunchTests.swift in Sources */ = {isa = PBXBuildFile; fileRef = FB014EC32A330B67000F3EB8 /* BookReviewUITestsLaunchTests.swift */; };
		FB014ED22A330C31000F3EB8 /* SnapKit in Frameworks */ = {isa = PBXBuildFile; productRef = FB014ED12A330C31000F3EB8 /* SnapKit */; };
		FB014ED52A330C42000F3EB8 /* Alamofire in Frameworks */ = {isa = PBXBuildFile; productRef = FB014ED42A330C42000F3EB8 /* Alamofire */; };
		FB014ED82A330C74000F3EB8 /* Kingfisher in Frameworks */ = {isa = PBXBuildFile; productRef = FB014ED72A330C74000F3EB8 /* Kingfisher */; };
		FB014EDA2A33103B000F3EB8 /* ReviewListPresenter.swift in Sources */ = {isa = PBXBuildFile; fileRef = FB014ED92A33103B000F3EB8 /* ReviewListPresenter.swift */; };
		FB7FFCB82A91F4BF0056EF40 /* CompleteBookViewController.swift in Sources */ = {isa = PBXBuildFile; fileRef = FB7FFCB72A91F4BF0056EF40 /* CompleteBookViewController.swift */; };
		FB7FFCBA2AA3537A0056EF40 /* CurrentBookCollectionViewCell.swift in Sources */ = {isa = PBXBuildFile; fileRef = FB7FFCB92AA3537A0056EF40 /* CurrentBookCollectionViewCell.swift */; };
		FB9F971B2A387EB900FF42E8 /* ReviewWriteViewController.swift in Sources */ = {isa = PBXBuildFile; fileRef = FB9F971A2A387EB900FF42E8 /* ReviewWriteViewController.swift */; };
		FB9F971D2A387EE100FF42E8 /* ReviewWritePresenter.swift in Sources */ = {isa = PBXBuildFile; fileRef = FB9F971C2A387EE100FF42E8 /* ReviewWritePresenter.swift */; };
		FB9F97202A3B0B1D00FF42E8 /* SearchBookViewController.swift in Sources */ = {isa = PBXBuildFile; fileRef = FB9F971F2A3B0B1D00FF42E8 /* SearchBookViewController.swift */; };
		FB9F97222A3B0B3200FF42E8 /* SearchBookPresenter.swift in Sources */ = {isa = PBXBuildFile; fileRef = FB9F97212A3B0B3200FF42E8 /* SearchBookPresenter.swift */; };
		FB9F97252A41A1D100FF42E8 /* BookSearchRequestModel.swift in Sources */ = {isa = PBXBuildFile; fileRef = FB9F97242A41A1D100FF42E8 /* BookSearchRequestModel.swift */; };
		FB9F97292A41A4C000FF42E8 /* BookSearchResponseModel.swift in Sources */ = {isa = PBXBuildFile; fileRef = FB9F97282A41A4C000FF42E8 /* BookSearchResponseModel.swift */; };
		FB9F972B2A41AE5100FF42E8 /* Book.swift in Sources */ = {isa = PBXBuildFile; fileRef = FB9F972A2A41AE5100FF42E8 /* Book.swift */; };
		FB9F972D2A41AEBB00FF42E8 /* BookSearchManager.swift in Sources */ = {isa = PBXBuildFile; fileRef = FB9F972C2A41AEBB00FF42E8 /* BookSearchManager.swift */; };
		FB9F97302A44384F00FF42E8 /* UserDefaultsManager.swift in Sources */ = {isa = PBXBuildFile; fileRef = FB9F972F2A44384F00FF42E8 /* UserDefaultsManager.swift */; };
		FB9F97322A44387400FF42E8 /* BookReview.swift in Sources */ = {isa = PBXBuildFile; fileRef = FB9F97312A44387400FF42E8 /* BookReview.swift */; };
		FB9F97342A5EAC0500FF42E8 /* TabBarController.swift in Sources */ = {isa = PBXBuildFile; fileRef = FB9F97332A5EAC0500FF42E8 /* TabBarController.swift */; };
		FB9F97362A5EACA500FF42E8 /* HomeViewController.swift in Sources */ = {isa = PBXBuildFile; fileRef = FB9F97352A5EACA500FF42E8 /* HomeViewController.swift */; };
		FB9F97392A64150300FF42E8 /* CompleteBookListViewCell.swift in Sources */ = {isa = PBXBuildFile; fileRef = FB9F97382A64150300FF42E8 /* CompleteBookListViewCell.swift */; };
		FB9F973B2A6AC63000FF42E8 /* ReviewListDetailViewController.swift in Sources */ = {isa = PBXBuildFile; fileRef = FB9F973A2A6AC63000FF42E8 /* ReviewListDetailViewController.swift */; };
		FB9F973E2A72499E00FF42E8 /* ReviewListViewCell.swift in Sources */ = {isa = PBXBuildFile; fileRef = FB9F973D2A72499E00FF42E8 /* ReviewListViewCell.swift */; };
		FB9F97402A77B85900FF42E8 /* SearchBookViewCell.swift in Sources */ = {isa = PBXBuildFile; fileRef = FB9F973F2A77B85900FF42E8 /* SearchBookViewCell.swift */; };
/* End PBXBuildFile section */

/* Begin PBXContainerItemProxy section */
		FB014EB42A330B67000F3EB8 /* PBXContainerItemProxy */ = {
			isa = PBXContainerItemProxy;
			containerPortal = FB014E952A330B65000F3EB8 /* Project object */;
			proxyType = 1;
			remoteGlobalIDString = FB014E9C2A330B65000F3EB8;
			remoteInfo = BookReview;
		};
		FB014EBE2A330B67000F3EB8 /* PBXContainerItemProxy */ = {
			isa = PBXContainerItemProxy;
			containerPortal = FB014E952A330B65000F3EB8 /* Project object */;
			proxyType = 1;
			remoteGlobalIDString = FB014E9C2A330B65000F3EB8;
			remoteInfo = BookReview;
		};
/* End PBXContainerItemProxy section */

/* Begin PBXFileReference section */
		FB014E9D2A330B65000F3EB8 /* PocketBook.app */ = {isa = PBXFileReference; explicitFileType = wrapper.application; includeInIndex = 0; path = PocketBook.app; sourceTree = BUILT_PRODUCTS_DIR; };
		FB014EA02A330B65000F3EB8 /* AppDelegate.swift */ = {isa = PBXFileReference; lastKnownFileType = sourcecode.swift; path = AppDelegate.swift; sourceTree = "<group>"; };
		FB014EA22A330B65000F3EB8 /* SceneDelegate.swift */ = {isa = PBXFileReference; lastKnownFileType = sourcecode.swift; path = SceneDelegate.swift; sourceTree = "<group>"; };
		FB014EA42A330B65000F3EB8 /* ReviewListViewController.swift */ = {isa = PBXFileReference; lastKnownFileType = sourcecode.swift; path = ReviewListViewController.swift; sourceTree = "<group>"; };
		FB014EA92A330B67000F3EB8 /* Assets.xcassets */ = {isa = PBXFileReference; lastKnownFileType = folder.assetcatalog; path = Assets.xcassets; sourceTree = "<group>"; };
		FB014EAC2A330B67000F3EB8 /* Base */ = {isa = PBXFileReference; lastKnownFileType = file.storyboard; name = Base; path = Base.lproj/LaunchScreen.storyboard; sourceTree = "<group>"; };
		FB014EAE2A330B67000F3EB8 /* Info.plist */ = {isa = PBXFileReference; lastKnownFileType = text.plist.xml; path = Info.plist; sourceTree = "<group>"; };
		FB014EB32A330B67000F3EB8 /* PocketBookTests.xctest */ = {isa = PBXFileReference; explicitFileType = wrapper.cfbundle; includeInIndex = 0; path = PocketBookTests.xctest; sourceTree = BUILT_PRODUCTS_DIR; };
		FB014EB72A330B67000F3EB8 /* ReviewListPresenterTests.swift */ = {isa = PBXFileReference; lastKnownFileType = sourcecode.swift; path = ReviewListPresenterTests.swift; sourceTree = "<group>"; };
		FB014EBD2A330B67000F3EB8 /* PocketBookUITests.xctest */ = {isa = PBXFileReference; explicitFileType = wrapper.cfbundle; includeInIndex = 0; path = PocketBookUITests.xctest; sourceTree = BUILT_PRODUCTS_DIR; };
		FB014EC12A330B67000F3EB8 /* BookReviewUITests.swift */ = {isa = PBXFileReference; lastKnownFileType = sourcecode.swift; path = BookReviewUITests.swift; sourceTree = "<group>"; };
		FB014EC32A330B67000F3EB8 /* BookReviewUITestsLaunchTests.swift */ = {isa = PBXFileReference; lastKnownFileType = sourcecode.swift; path = BookReviewUITestsLaunchTests.swift; sourceTree = "<group>"; };
		FB014ED92A33103B000F3EB8 /* ReviewListPresenter.swift */ = {isa = PBXFileReference; lastKnownFileType = sourcecode.swift; path = ReviewListPresenter.swift; sourceTree = "<group>"; };
		FB7FFCB72A91F4BF0056EF40 /* CompleteBookViewController.swift */ = {isa = PBXFileReference; lastKnownFileType = sourcecode.swift; path = CompleteBookViewController.swift; sourceTree = "<group>"; };
		FB7FFCB92AA3537A0056EF40 /* CurrentBookCollectionViewCell.swift */ = {isa = PBXFileReference; lastKnownFileType = sourcecode.swift; path = CurrentBookCollectionViewCell.swift; sourceTree = "<group>"; };
		FB9F971A2A387EB900FF42E8 /* ReviewWriteViewController.swift */ = {isa = PBXFileReference; lastKnownFileType = sourcecode.swift; path = ReviewWriteViewController.swift; sourceTree = "<group>"; };
		FB9F971C2A387EE100FF42E8 /* ReviewWritePresenter.swift */ = {isa = PBXFileReference; lastKnownFileType = sourcecode.swift; path = ReviewWritePresenter.swift; sourceTree = "<group>"; };
		FB9F971F2A3B0B1D00FF42E8 /* SearchBookViewController.swift */ = {isa = PBXFileReference; lastKnownFileType = sourcecode.swift; path = SearchBookViewController.swift; sourceTree = "<group>"; };
		FB9F97212A3B0B3200FF42E8 /* SearchBookPresenter.swift */ = {isa = PBXFileReference; lastKnownFileType = sourcecode.swift; path = SearchBookPresenter.swift; sourceTree = "<group>"; };
		FB9F97242A41A1D100FF42E8 /* BookSearchRequestModel.swift */ = {isa = PBXFileReference; lastKnownFileType = sourcecode.swift; path = BookSearchRequestModel.swift; sourceTree = "<group>"; };
		FB9F97282A41A4C000FF42E8 /* BookSearchResponseModel.swift */ = {isa = PBXFileReference; lastKnownFileType = sourcecode.swift; path = BookSearchResponseModel.swift; sourceTree = "<group>"; };
		FB9F972A2A41AE5100FF42E8 /* Book.swift */ = {isa = PBXFileReference; lastKnownFileType = sourcecode.swift; path = Book.swift; sourceTree = "<group>"; };
		FB9F972C2A41AEBB00FF42E8 /* BookSearchManager.swift */ = {isa = PBXFileReference; lastKnownFileType = sourcecode.swift; path = BookSearchManager.swift; sourceTree = "<group>"; };
		FB9F972F2A44384F00FF42E8 /* UserDefaultsManager.swift */ = {isa = PBXFileReference; lastKnownFileType = sourcecode.swift; path = UserDefaultsManager.swift; sourceTree = "<group>"; };
		FB9F97312A44387400FF42E8 /* BookReview.swift */ = {isa = PBXFileReference; lastKnownFileType = sourcecode.swift; path = BookReview.swift; sourceTree = "<group>"; };
		FB9F97332A5EAC0500FF42E8 /* TabBarController.swift */ = {isa = PBXFileReference; lastKnownFileType = sourcecode.swift; path = TabBarController.swift; sourceTree = "<group>"; };
		FB9F97352A5EACA500FF42E8 /* HomeViewController.swift */ = {isa = PBXFileReference; lastKnownFileType = sourcecode.swift; path = HomeViewController.swift; sourceTree = "<group>"; };
		FB9F97382A64150300FF42E8 /* CompleteBookListViewCell.swift */ = {isa = PBXFileReference; lastKnownFileType = sourcecode.swift; path = CompleteBookListViewCell.swift; sourceTree = "<group>"; };
		FB9F973A2A6AC63000FF42E8 /* ReviewListDetailViewController.swift */ = {isa = PBXFileReference; lastKnownFileType = sourcecode.swift; path = ReviewListDetailViewController.swift; sourceTree = "<group>"; };
		FB9F973D2A72499E00FF42E8 /* ReviewListViewCell.swift */ = {isa = PBXFileReference; lastKnownFileType = sourcecode.swift; path = ReviewListViewCell.swift; sourceTree = "<group>"; };
		FB9F973F2A77B85900FF42E8 /* SearchBookViewCell.swift */ = {isa = PBXFileReference; lastKnownFileType = sourcecode.swift; path = SearchBookViewCell.swift; sourceTree = "<group>"; };
/* End PBXFileReference section */

/* Begin PBXFrameworksBuildPhase section */
		FB014E9A2A330B65000F3EB8 /* Frameworks */ = {
			isa = PBXFrameworksBuildPhase;
			buildActionMask = 2147483647;
			files = (
				FB014ED82A330C74000F3EB8 /* Kingfisher in Frameworks */,
				FB014ED22A330C31000F3EB8 /* SnapKit in Frameworks */,
				FB014ED52A330C42000F3EB8 /* Alamofire in Frameworks */,
			);
			runOnlyForDeploymentPostprocessing = 0;
		};
		FB014EB02A330B67000F3EB8 /* Frameworks */ = {
			isa = PBXFrameworksBuildPhase;
			buildActionMask = 2147483647;
			files = (
			);
			runOnlyForDeploymentPostprocessing = 0;
		};
		FB014EBA2A330B67000F3EB8 /* Frameworks */ = {
			isa = PBXFrameworksBuildPhase;
			buildActionMask = 2147483647;
			files = (
			);
			runOnlyForDeploymentPostprocessing = 0;
		};
/* End PBXFrameworksBuildPhase section */

/* Begin PBXGroup section */
		FB014E942A330B65000F3EB8 = {
			isa = PBXGroup;
			children = (
				FB014E9F2A330B65000F3EB8 /* PocketBook */,
				FB014EB62A330B67000F3EB8 /* BookReviewTests */,
				FB014EC02A330B67000F3EB8 /* BookReviewUITests */,
				FB014E9E2A330B65000F3EB8 /* Products */,
			);
			sourceTree = "<group>";
		};
		FB014E9E2A330B65000F3EB8 /* Products */ = {
			isa = PBXGroup;
			children = (
				FB014E9D2A330B65000F3EB8 /* PocketBook.app */,
				FB014EB32A330B67000F3EB8 /* PocketBookTests.xctest */,
				FB014EBD2A330B67000F3EB8 /* PocketBookUITests.xctest */,
			);
			name = Products;
			sourceTree = "<group>";
		};
		FB014E9F2A330B65000F3EB8 /* PocketBook */ = {
			isa = PBXGroup;
			children = (
				FB014EA02A330B65000F3EB8 /* AppDelegate.swift */,
				FB014EA22A330B65000F3EB8 /* SceneDelegate.swift */,
				FB9F972E2A41AEBF00FF42E8 /* Manager */,
				FB9F97272A41A1DC00FF42E8 /* Models */,
				FB014EDC2A331065000F3EB8 /* Scene */,
				FB014EA92A330B67000F3EB8 /* Assets.xcassets */,
				FB014EAB2A330B67000F3EB8 /* LaunchScreen.storyboard */,
				FB014EAE2A330B67000F3EB8 /* Info.plist */,
			);
			path = PocketBook;
			sourceTree = "<group>";
		};
		FB014EB62A330B67000F3EB8 /* BookReviewTests */ = {
			isa = PBXGroup;
			children = (
				FB014EB72A330B67000F3EB8 /* ReviewListPresenterTests.swift */,
			);
			path = BookReviewTests;
			sourceTree = "<group>";
		};
		FB014EC02A330B67000F3EB8 /* BookReviewUITests */ = {
			isa = PBXGroup;
			children = (
				FB014EC12A330B67000F3EB8 /* BookReviewUITests.swift */,
				FB014EC32A330B67000F3EB8 /* BookReviewUITestsLaunchTests.swift */,
			);
			path = BookReviewUITests;
			sourceTree = "<group>";
		};
		FB014EDB2A331054000F3EB8 /* ReviewList */ = {
			isa = PBXGroup;
			children = (
				FB014EA42A330B65000F3EB8 /* ReviewListViewController.swift */,
				FB014ED92A33103B000F3EB8 /* ReviewListPresenter.swift */,
				FB9F973D2A72499E00FF42E8 /* ReviewListViewCell.swift */,
				FB9F973C2A6AC63800FF42E8 /* ReviewListDetail */,
			);
			path = ReviewList;
			sourceTree = "<group>";
		};
		FB014EDC2A331065000F3EB8 /* Scene */ = {
			isa = PBXGroup;
			children = (
				FB9F97332A5EAC0500FF42E8 /* TabBarController.swift */,
				FB014EDB2A331054000F3EB8 /* ReviewList */,
				FB9F971E2A387EED00FF42E8 /* ReviewWrite */,
				FB9F97232A3B0B3800FF42E8 /* SearchBook */,
				FB9F97372A5EBB8B00FF42E8 /* HomeView */,
			);
			path = Scene;
			sourceTree = "<group>";
		};
		FB9F971E2A387EED00FF42E8 /* ReviewWrite */ = {
			isa = PBXGroup;
			children = (
				FB9F971A2A387EB900FF42E8 /* ReviewWriteViewController.swift */,
				FB9F971C2A387EE100FF42E8 /* ReviewWritePresenter.swift */,
			);
			path = ReviewWrite;
			sourceTree = "<group>";
		};
		FB9F97232A3B0B3800FF42E8 /* SearchBook */ = {
			isa = PBXGroup;
			children = (
				FB9F971F2A3B0B1D00FF42E8 /* SearchBookViewController.swift */,
				FB9F97212A3B0B3200FF42E8 /* SearchBookPresenter.swift */,
				FB9F973F2A77B85900FF42E8 /* SearchBookViewCell.swift */,
			);
			path = SearchBook;
			sourceTree = "<group>";
		};
		FB9F97272A41A1DC00FF42E8 /* Models */ = {
			isa = PBXGroup;
			children = (
				FB9F972A2A41AE5100FF42E8 /* Book.swift */,
				FB9F97242A41A1D100FF42E8 /* BookSearchRequestModel.swift */,
				FB9F97282A41A4C000FF42E8 /* BookSearchResponseModel.swift */,
				FB9F97312A44387400FF42E8 /* BookReview.swift */,
			);
			path = Models;
			sourceTree = "<group>";
		};
		FB9F972E2A41AEBF00FF42E8 /* Manager */ = {
			isa = PBXGroup;
			children = (
				FB9F972C2A41AEBB00FF42E8 /* BookSearchManager.swift */,
				FB9F972F2A44384F00FF42E8 /* UserDefaultsManager.swift */,
			);
			path = Manager;
			sourceTree = "<group>";
		};
		FB9F97372A5EBB8B00FF42E8 /* HomeView */ = {
			isa = PBXGroup;
			children = (
				FB9F97352A5EACA500FF42E8 /* HomeViewController.swift */,
				FB7FFCB92AA3537A0056EF40 /* CurrentBookCollectionViewCell.swift */,
				FB7FFCB72A91F4BF0056EF40 /* CompleteBookViewController.swift */,
				FB9F97382A64150300FF42E8 /* CompleteBookListViewCell.swift */,
			);
			path = HomeView;
			sourceTree = "<group>";
		};
		FB9F973C2A6AC63800FF42E8 /* ReviewListDetail */ = {
			isa = PBXGroup;
			children = (
				FB9F973A2A6AC63000FF42E8 /* ReviewListDetailViewController.swift */,
			);
			path = ReviewListDetail;
			sourceTree = "<group>";
		};
/* End PBXGroup section */

/* Begin PBXNativeTarget section */
		FB014E9C2A330B65000F3EB8 /* PocketBook */ = {
			isa = PBXNativeTarget;
			buildConfigurationList = FB014EC72A330B67000F3EB8 /* Build configuration list for PBXNativeTarget "PocketBook" */;
			buildPhases = (
				FB014E992A330B65000F3EB8 /* Sources */,
				FB014E9A2A330B65000F3EB8 /* Frameworks */,
				FB014E9B2A330B65000F3EB8 /* Resources */,
			);
			buildRules = (
			);
			dependencies = (
			);
			name = PocketBook;
			packageProductDependencies = (
				FB014ED12A330C31000F3EB8 /* SnapKit */,
				FB014ED42A330C42000F3EB8 /* Alamofire */,
				FB014ED72A330C74000F3EB8 /* Kingfisher */,
			);
			productName = BookReview;
			productReference = FB014E9D2A330B65000F3EB8 /* PocketBook.app */;
			productType = "com.apple.product-type.application";
		};
		FB014EB22A330B67000F3EB8 /* PocketBookTests */ = {
			isa = PBXNativeTarget;
			buildConfigurationList = FB014ECA2A330B67000F3EB8 /* Build configuration list for PBXNativeTarget "PocketBookTests" */;
			buildPhases = (
				FB014EAF2A330B67000F3EB8 /* Sources */,
				FB014EB02A330B67000F3EB8 /* Frameworks */,
				FB014EB12A330B67000F3EB8 /* Resources */,
			);
			buildRules = (
			);
			dependencies = (
				FB014EB52A330B67000F3EB8 /* PBXTargetDependency */,
			);
			name = PocketBookTests;
			productName = BookReviewTests;
			productReference = FB014EB32A330B67000F3EB8 /* PocketBookTests.xctest */;
			productType = "com.apple.product-type.bundle.unit-test";
		};
		FB014EBC2A330B67000F3EB8 /* PocketBookUITests */ = {
			isa = PBXNativeTarget;
			buildConfigurationList = FB014ECD2A330B67000F3EB8 /* Build configuration list for PBXNativeTarget "PocketBookUITests" */;
			buildPhases = (
				FB014EB92A330B67000F3EB8 /* Sources */,
				FB014EBA2A330B67000F3EB8 /* Frameworks */,
				FB014EBB2A330B67000F3EB8 /* Resources */,
			);
			buildRules = (
			);
			dependencies = (
				FB014EBF2A330B67000F3EB8 /* PBXTargetDependency */,
			);
			name = PocketBookUITests;
			productName = BookReviewUITests;
			productReference = FB014EBD2A330B67000F3EB8 /* PocketBookUITests.xctest */;
			productType = "com.apple.product-type.bundle.ui-testing";
		};
/* End PBXNativeTarget section */

/* Begin PBXProject section */
		FB014E952A330B65000F3EB8 /* Project object */ = {
			isa = PBXProject;
			attributes = {
				BuildIndependentTargetsInParallel = 1;
				LastSwiftUpdateCheck = 1430;
				LastUpgradeCheck = 1430;
				TargetAttributes = {
					FB014E9C2A330B65000F3EB8 = {
						CreatedOnToolsVersion = 14.3.1;
					};
					FB014EB22A330B67000F3EB8 = {
						CreatedOnToolsVersion = 14.3.1;
						TestTargetID = FB014E9C2A330B65000F3EB8;
					};
					FB014EBC2A330B67000F3EB8 = {
						CreatedOnToolsVersion = 14.3.1;
						TestTargetID = FB014E9C2A330B65000F3EB8;
					};
				};
			};
			buildConfigurationList = FB014E982A330B65000F3EB8 /* Build configuration list for PBXProject "PocketBook" */;
			compatibilityVersion = "Xcode 14.0";
			developmentRegion = en;
			hasScannedForEncodings = 0;
			knownRegions = (
				en,
				Base,
			);
			mainGroup = FB014E942A330B65000F3EB8;
			packageReferences = (
				FB014ED02A330C31000F3EB8 /* XCRemoteSwiftPackageReference "SnapKit" */,
				FB014ED32A330C42000F3EB8 /* XCRemoteSwiftPackageReference "Alamofire" */,
				FB014ED62A330C74000F3EB8 /* XCRemoteSwiftPackageReference "Kingfisher" */,
			);
			productRefGroup = FB014E9E2A330B65000F3EB8 /* Products */;
			projectDirPath = "";
			projectRoot = "";
			targets = (
				FB014E9C2A330B65000F3EB8 /* PocketBook */,
				FB014EB22A330B67000F3EB8 /* PocketBookTests */,
				FB014EBC2A330B67000F3EB8 /* PocketBookUITests */,
			);
		};
/* End PBXProject section */

/* Begin PBXResourcesBuildPhase section */
		FB014E9B2A330B65000F3EB8 /* Resources */ = {
			isa = PBXResourcesBuildPhase;
			buildActionMask = 2147483647;
			files = (
				FB014EAD2A330B67000F3EB8 /* LaunchScreen.storyboard in Resources */,
				FB014EAA2A330B67000F3EB8 /* Assets.xcassets in Resources */,
			);
			runOnlyForDeploymentPostprocessing = 0;
		};
		FB014EB12A330B67000F3EB8 /* Resources */ = {
			isa = PBXResourcesBuildPhase;
			buildActionMask = 2147483647;
			files = (
			);
			runOnlyForDeploymentPostprocessing = 0;
		};
		FB014EBB2A330B67000F3EB8 /* Resources */ = {
			isa = PBXResourcesBuildPhase;
			buildActionMask = 2147483647;
			files = (
			);
			runOnlyForDeploymentPostprocessing = 0;
		};
/* End PBXResourcesBuildPhase section */

/* Begin PBXSourcesBuildPhase section */
		FB014E992A330B65000F3EB8 /* Sources */ = {
			isa = PBXSourcesBuildPhase;
			buildActionMask = 2147483647;
			files = (
				FB9F971D2A387EE100FF42E8 /* ReviewWritePresenter.swift in Sources */,
				FB014EA52A330B65000F3EB8 /* ReviewListViewController.swift in Sources */,
				FB9F97252A41A1D100FF42E8 /* BookSearchRequestModel.swift in Sources */,
				FB9F97342A5EAC0500FF42E8 /* TabBarController.swift in Sources */,
				FB9F973E2A72499E00FF42E8 /* ReviewListViewCell.swift in Sources */,
				FB9F97302A44384F00FF42E8 /* UserDefaultsManager.swift in Sources */,
				FB9F973B2A6AC63000FF42E8 /* ReviewListDetailViewController.swift in Sources */,
				FB9F97402A77B85900FF42E8 /* SearchBookViewCell.swift in Sources */,
				FB9F97322A44387400FF42E8 /* BookReview.swift in Sources */,
				FB7FFCBA2AA3537A0056EF40 /* CurrentBookCollectionViewCell.swift in Sources */,
				FB9F972B2A41AE5100FF42E8 /* Book.swift in Sources */,
				FB014EA12A330B65000F3EB8 /* AppDelegate.swift in Sources */,
				FB7FFCB82A91F4BF0056EF40 /* CompleteBookViewController.swift in Sources */,
				FB9F97202A3B0B1D00FF42E8 /* SearchBookViewController.swift in Sources */,
				FB9F97392A64150300FF42E8 /* CompleteBookListViewCell.swift in Sources */,
				FB9F97292A41A4C000FF42E8 /* BookSearchResponseModel.swift in Sources */,
				FB9F971B2A387EB900FF42E8 /* ReviewWriteViewController.swift in Sources */,
				FB9F97362A5EACA500FF42E8 /* HomeViewController.swift in Sources */,
				FB9F97222A3B0B3200FF42E8 /* SearchBookPresenter.swift in Sources */,
				FB014EDA2A33103B000F3EB8 /* ReviewListPresenter.swift in Sources */,
				FB9F972D2A41AEBB00FF42E8 /* BookSearchManager.swift in Sources */,
				FB014EA32A330B65000F3EB8 /* SceneDelegate.swift in Sources */,
			);
			runOnlyForDeploymentPostprocessing = 0;
		};
		FB014EAF2A330B67000F3EB8 /* Sources */ = {
			isa = PBXSourcesBuildPhase;
			buildActionMask = 2147483647;
			files = (
				FB014EB82A330B67000F3EB8 /* ReviewListPresenterTests.swift in Sources */,
			);
			runOnlyForDeploymentPostprocessing = 0;
		};
		FB014EB92A330B67000F3EB8 /* Sources */ = {
			isa = PBXSourcesBuildPhase;
			buildActionMask = 2147483647;
			files = (
				FB014EC22A330B67000F3EB8 /* BookReviewUITests.swift in Sources */,
				FB014EC42A330B67000F3EB8 /* BookReviewUITestsLaunchTests.swift in Sources */,
			);
			runOnlyForDeploymentPostprocessing = 0;
		};
/* End PBXSourcesBuildPhase section */

/* Begin PBXTargetDependency section */
		FB014EB52A330B67000F3EB8 /* PBXTargetDependency */ = {
			isa = PBXTargetDependency;
			target = FB014E9C2A330B65000F3EB8 /* PocketBook */;
			targetProxy = FB014EB42A330B67000F3EB8 /* PBXContainerItemProxy */;
		};
		FB014EBF2A330B67000F3EB8 /* PBXTargetDependency */ = {
			isa = PBXTargetDependency;
			target = FB014E9C2A330B65000F3EB8 /* PocketBook */;
			targetProxy = FB014EBE2A330B67000F3EB8 /* PBXContainerItemProxy */;
		};
/* End PBXTargetDependency section */

/* Begin PBXVariantGroup section */
		FB014EAB2A330B67000F3EB8 /* LaunchScreen.storyboard */ = {
			isa = PBXVariantGroup;
			children = (
				FB014EAC2A330B67000F3EB8 /* Base */,
			);
			name = LaunchScreen.storyboard;
			sourceTree = "<group>";
		};
/* End PBXVariantGroup section */

/* Begin XCBuildConfiguration section */
		FB014EC52A330B67000F3EB8 /* Debug */ = {
			isa = XCBuildConfiguration;
			buildSettings = {
				ALWAYS_SEARCH_USER_PATHS = NO;
				CLANG_ANALYZER_NONNULL = YES;
				CLANG_ANALYZER_NUMBER_OBJECT_CONVERSION = YES_AGGRESSIVE;
				CLANG_CXX_LANGUAGE_STANDARD = "gnu++20";
				CLANG_ENABLE_MODULES = YES;
				CLANG_ENABLE_OBJC_ARC = YES;
				CLANG_ENABLE_OBJC_WEAK = YES;
				CLANG_WARN_BLOCK_CAPTURE_AUTORELEASING = YES;
				CLANG_WARN_BOOL_CONVERSION = YES;
				CLANG_WARN_COMMA = YES;
				CLANG_WARN_CONSTANT_CONVERSION = YES;
				CLANG_WARN_DEPRECATED_OBJC_IMPLEMENTATIONS = YES;
				CLANG_WARN_DIRECT_OBJC_ISA_USAGE = YES_ERROR;
				CLANG_WARN_DOCUMENTATION_COMMENTS = YES;
				CLANG_WARN_EMPTY_BODY = YES;
				CLANG_WARN_ENUM_CONVERSION = YES;
				CLANG_WARN_INFINITE_RECURSION = YES;
				CLANG_WARN_INT_CONVERSION = YES;
				CLANG_WARN_NON_LITERAL_NULL_CONVERSION = YES;
				CLANG_WARN_OBJC_IMPLICIT_RETAIN_SELF = YES;
				CLANG_WARN_OBJC_LITERAL_CONVERSION = YES;
				CLANG_WARN_OBJC_ROOT_CLASS = YES_ERROR;
				CLANG_WARN_QUOTED_INCLUDE_IN_FRAMEWORK_HEADER = YES;
				CLANG_WARN_RANGE_LOOP_ANALYSIS = YES;
				CLANG_WARN_STRICT_PROTOTYPES = YES;
				CLANG_WARN_SUSPICIOUS_MOVE = YES;
				CLANG_WARN_UNGUARDED_AVAILABILITY = YES_AGGRESSIVE;
				CLANG_WARN_UNREACHABLE_CODE = YES;
				CLANG_WARN__DUPLICATE_METHOD_MATCH = YES;
				COPY_PHASE_STRIP = NO;
				DEBUG_INFORMATION_FORMAT = dwarf;
				ENABLE_STRICT_OBJC_MSGSEND = YES;
				ENABLE_TESTABILITY = YES;
				GCC_C_LANGUAGE_STANDARD = gnu11;
				GCC_DYNAMIC_NO_PIC = NO;
				GCC_NO_COMMON_BLOCKS = YES;
				GCC_OPTIMIZATION_LEVEL = 0;
				GCC_PREPROCESSOR_DEFINITIONS = (
					"DEBUG=1",
					"$(inherited)",
				);
				GCC_WARN_64_TO_32_BIT_CONVERSION = YES;
				GCC_WARN_ABOUT_RETURN_TYPE = YES_ERROR;
				GCC_WARN_UNDECLARED_SELECTOR = YES;
				GCC_WARN_UNINITIALIZED_AUTOS = YES_AGGRESSIVE;
				GCC_WARN_UNUSED_FUNCTION = YES;
				GCC_WARN_UNUSED_VARIABLE = YES;
				IPHONEOS_DEPLOYMENT_TARGET = 16.4;
				MTL_ENABLE_DEBUG_INFO = INCLUDE_SOURCE;
				MTL_FAST_MATH = YES;
				ONLY_ACTIVE_ARCH = YES;
				SDKROOT = iphoneos;
				SWIFT_ACTIVE_COMPILATION_CONDITIONS = DEBUG;
				SWIFT_OPTIMIZATION_LEVEL = "-Onone";
			};
			name = Debug;
		};
		FB014EC62A330B67000F3EB8 /* Release */ = {
			isa = XCBuildConfiguration;
			buildSettings = {
				ALWAYS_SEARCH_USER_PATHS = NO;
				CLANG_ANALYZER_NONNULL = YES;
				CLANG_ANALYZER_NUMBER_OBJECT_CONVERSION = YES_AGGRESSIVE;
				CLANG_CXX_LANGUAGE_STANDARD = "gnu++20";
				CLANG_ENABLE_MODULES = YES;
				CLANG_ENABLE_OBJC_ARC = YES;
				CLANG_ENABLE_OBJC_WEAK = YES;
				CLANG_WARN_BLOCK_CAPTURE_AUTORELEASING = YES;
				CLANG_WARN_BOOL_CONVERSION = YES;
				CLANG_WARN_COMMA = YES;
				CLANG_WARN_CONSTANT_CONVERSION = YES;
				CLANG_WARN_DEPRECATED_OBJC_IMPLEMENTATIONS = YES;
				CLANG_WARN_DIRECT_OBJC_ISA_USAGE = YES_ERROR;
				CLANG_WARN_DOCUMENTATION_COMMENTS = YES;
				CLANG_WARN_EMPTY_BODY = YES;
				CLANG_WARN_ENUM_CONVERSION = YES;
				CLANG_WARN_INFINITE_RECURSION = YES;
				CLANG_WARN_INT_CONVERSION = YES;
				CLANG_WARN_NON_LITERAL_NULL_CONVERSION = YES;
				CLANG_WARN_OBJC_IMPLICIT_RETAIN_SELF = YES;
				CLANG_WARN_OBJC_LITERAL_CONVERSION = YES;
				CLANG_WARN_OBJC_ROOT_CLASS = YES_ERROR;
				CLANG_WARN_QUOTED_INCLUDE_IN_FRAMEWORK_HEADER = YES;
				CLANG_WARN_RANGE_LOOP_ANALYSIS = YES;
				CLANG_WARN_STRICT_PROTOTYPES = YES;
				CLANG_WARN_SUSPICIOUS_MOVE = YES;
				CLANG_WARN_UNGUARDED_AVAILABILITY = YES_AGGRESSIVE;
				CLANG_WARN_UNREACHABLE_CODE = YES;
				CLANG_WARN__DUPLICATE_METHOD_MATCH = YES;
				COPY_PHASE_STRIP = NO;
				DEBUG_INFORMATION_FORMAT = "dwarf-with-dsym";
				ENABLE_NS_ASSERTIONS = NO;
				ENABLE_STRICT_OBJC_MSGSEND = YES;
				GCC_C_LANGUAGE_STANDARD = gnu11;
				GCC_NO_COMMON_BLOCKS = YES;
				GCC_WARN_64_TO_32_BIT_CONVERSION = YES;
				GCC_WARN_ABOUT_RETURN_TYPE = YES_ERROR;
				GCC_WARN_UNDECLARED_SELECTOR = YES;
				GCC_WARN_UNINITIALIZED_AUTOS = YES_AGGRESSIVE;
				GCC_WARN_UNUSED_FUNCTION = YES;
				GCC_WARN_UNUSED_VARIABLE = YES;
				IPHONEOS_DEPLOYMENT_TARGET = 16.4;
				MTL_ENABLE_DEBUG_INFO = NO;
				MTL_FAST_MATH = YES;
				SDKROOT = iphoneos;
				SWIFT_COMPILATION_MODE = wholemodule;
				SWIFT_OPTIMIZATION_LEVEL = "-O";
				VALIDATE_PRODUCT = YES;
			};
			name = Release;
		};
		FB014EC82A330B67000F3EB8 /* Debug */ = {
			isa = XCBuildConfiguration;
			buildSettings = {
				ASSETCATALOG_COMPILER_APPICON_NAME = AppIcon;
				ASSETCATALOG_COMPILER_GLOBAL_ACCENT_COLOR_NAME = AccentColor;
				CODE_SIGN_STYLE = Automatic;
				CURRENT_PROJECT_VERSION = 1;
				DEVELOPMENT_TEAM = A2Z3TZ2R89;
				GENERATE_INFOPLIST_FILE = YES;
				INFOPLIST_FILE = PocketBook/Info.plist;
				INFOPLIST_KEY_UIApplicationSupportsIndirectInputEvents = YES;
				INFOPLIST_KEY_UILaunchStoryboardName = LaunchScreen;
				INFOPLIST_KEY_UISupportedInterfaceOrientations_iPad = "UIInterfaceOrientationPortrait UIInterfaceOrientationPortraitUpsideDown UIInterfaceOrientationLandscapeLeft UIInterfaceOrientationLandscapeRight";
				INFOPLIST_KEY_UISupportedInterfaceOrientations_iPhone = "UIInterfaceOrientationPortrait UIInterfaceOrientationLandscapeLeft UIInterfaceOrientationLandscapeRight";
				LD_RUNPATH_SEARCH_PATHS = (
					"$(inherited)",
					"@executable_path/Frameworks",
				);
				MARKETING_VERSION = 1.0;
				PRODUCT_BUNDLE_IDENTIFIER = lsw.PocketBook;
				PRODUCT_NAME = "$(TARGET_NAME)";
				SWIFT_EMIT_LOC_STRINGS = YES;
				SWIFT_VERSION = 5.0;
				TARGETED_DEVICE_FAMILY = "1,2";
			};
			name = Debug;
		};
		FB014EC92A330B67000F3EB8 /* Release */ = {
			isa = XCBuildConfiguration;
			buildSettings = {
				ASSETCATALOG_COMPILER_APPICON_NAME = AppIcon;
				ASSETCATALOG_COMPILER_GLOBAL_ACCENT_COLOR_NAME = AccentColor;
				CODE_SIGN_STYLE = Automatic;
				CURRENT_PROJECT_VERSION = 1;
				DEVELOPMENT_TEAM = A2Z3TZ2R89;
				GENERATE_INFOPLIST_FILE = YES;
				INFOPLIST_FILE = PocketBook/Info.plist;
				INFOPLIST_KEY_UIApplicationSupportsIndirectInputEvents = YES;
				INFOPLIST_KEY_UILaunchStoryboardName = LaunchScreen;
				INFOPLIST_KEY_UISupportedInterfaceOrientations_iPad = "UIInterfaceOrientationPortrait UIInterfaceOrientationPortraitUpsideDown UIInterfaceOrientationLandscapeLeft UIInterfaceOrientationLandscapeRight";
				INFOPLIST_KEY_UISupportedInterfaceOrientations_iPhone = "UIInterfaceOrientationPortrait UIInterfaceOrientationLandscapeLeft UIInterfaceOrientationLandscapeRight";
				LD_RUNPATH_SEARCH_PATHS = (
					"$(inherited)",
					"@executable_path/Frameworks",
				);
				MARKETING_VERSION = 1.0;
				PRODUCT_BUNDLE_IDENTIFIER = lsw.PocketBook;
				PRODUCT_NAME = "$(TARGET_NAME)";
				SWIFT_EMIT_LOC_STRINGS = YES;
				SWIFT_VERSION = 5.0;
				TARGETED_DEVICE_FAMILY = "1,2";
			};
			name = Release;
		};
		FB014ECB2A330B67000F3EB8 /* Debug */ = {
			isa = XCBuildConfiguration;
			buildSettings = {
				ALWAYS_EMBED_SWIFT_STANDARD_LIBRARIES = YES;
				BUNDLE_LOADER = "$(TEST_HOST)";
				CODE_SIGN_STYLE = Automatic;
				CURRENT_PROJECT_VERSION = 1;
				DEVELOPMENT_TEAM = A2Z3TZ2R89;
				GENERATE_INFOPLIST_FILE = YES;
				IPHONEOS_DEPLOYMENT_TARGET = 16.4;
				MARKETING_VERSION = 1.0;
				PRODUCT_BUNDLE_IDENTIFIER = lsw.BookReviewTests;
				PRODUCT_NAME = "$(TARGET_NAME)";
				SWIFT_EMIT_LOC_STRINGS = NO;
				SWIFT_VERSION = 5.0;
				TARGETED_DEVICE_FAMILY = "1,2";
				TEST_HOST = "$(BUILT_PRODUCTS_DIR)/PocketBook.app/$(BUNDLE_EXECUTABLE_FOLDER_PATH)/PocketBook";
			};
			name = Debug;
		};
		FB014ECC2A330B67000F3EB8 /* Release */ = {
			isa = XCBuildConfiguration;
			buildSettings = {
				ALWAYS_EMBED_SWIFT_STANDARD_LIBRARIES = YES;
				BUNDLE_LOADER = "$(TEST_HOST)";
				CODE_SIGN_STYLE = Automatic;
				CURRENT_PROJECT_VERSION = 1;
				DEVELOPMENT_TEAM = A2Z3TZ2R89;
				GENERATE_INFOPLIST_FILE = YES;
				IPHONEOS_DEPLOYMENT_TARGET = 16.4;
				MARKETING_VERSION = 1.0;
				PRODUCT_BUNDLE_IDENTIFIER = lsw.BookReviewTests;
				PRODUCT_NAME = "$(TARGET_NAME)";
				SWIFT_EMIT_LOC_STRINGS = NO;
				SWIFT_VERSION = 5.0;
				TARGETED_DEVICE_FAMILY = "1,2";
				TEST_HOST = "$(BUILT_PRODUCTS_DIR)/PocketBook.app/$(BUNDLE_EXECUTABLE_FOLDER_PATH)/PocketBook";
			};
			name = Release;
		};
		FB014ECE2A330B67000F3EB8 /* Debug */ = {
			isa = XCBuildConfiguration;
			buildSettings = {
				ALWAYS_EMBED_SWIFT_STANDARD_LIBRARIES = YES;
				CODE_SIGN_STYLE = Automatic;
				CURRENT_PROJECT_VERSION = 1;
				DEVELOPMENT_TEAM = A2Z3TZ2R89;
				GENERATE_INFOPLIST_FILE = YES;
				MARKETING_VERSION = 1.0;
				PRODUCT_BUNDLE_IDENTIFIER = lsw.BookReviewUITests;
				PRODUCT_NAME = "$(TARGET_NAME)";
				SWIFT_EMIT_LOC_STRINGS = NO;
				SWIFT_VERSION = 5.0;
				TARGETED_DEVICE_FAMILY = "1,2";
				TEST_TARGET_NAME = BookReview;
			};
			name = Debug;
		};
		FB014ECF2A330B67000F3EB8 /* Release */ = {
			isa = XCBuildConfiguration;
			buildSettings = {
				ALWAYS_EMBED_SWIFT_STANDARD_LIBRARIES = YES;
				CODE_SIGN_STYLE = Automatic;
				CURRENT_PROJECT_VERSION = 1;
				DEVELOPMENT_TEAM = A2Z3TZ2R89;
				GENERATE_INFOPLIST_FILE = YES;
				MARKETING_VERSION = 1.0;
				PRODUCT_BUNDLE_IDENTIFIER = lsw.BookReviewUITests;
				PRODUCT_NAME = "$(TARGET_NAME)";
				SWIFT_EMIT_LOC_STRINGS = NO;
				SWIFT_VERSION = 5.0;
				TARGETED_DEVICE_FAMILY = "1,2";
				TEST_TARGET_NAME = BookReview;
			};
			name = Release;
		};
/* End XCBuildConfiguration section */

/* Begin XCConfigurationList section */
		FB014E982A330B65000F3EB8 /* Build configuration list for PBXProject "PocketBook" */ = {
			isa = XCConfigurationList;
			buildConfigurations = (
				FB014EC52A330B67000F3EB8 /* Debug */,
				FB014EC62A330B67000F3EB8 /* Release */,
			);
			defaultConfigurationIsVisible = 0;
			defaultConfigurationName = Release;
		};
		FB014EC72A330B67000F3EB8 /* Build configuration list for PBXNativeTarget "PocketBook" */ = {
			isa = XCConfigurationList;
			buildConfigurations = (
				FB014EC82A330B67000F3EB8 /* Debug */,
				FB014EC92A330B67000F3EB8 /* Release */,
			);
			defaultConfigurationIsVisible = 0;
			defaultConfigurationName = Release;
		};
		FB014ECA2A330B67000F3EB8 /* Build configuration list for PBXNativeTarget "PocketBookTests" */ = {
			isa = XCConfigurationList;
			buildConfigurations = (
				FB014ECB2A330B67000F3EB8 /* Debug */,
				FB014ECC2A330B67000F3EB8 /* Release */,
			);
			defaultConfigurationIsVisible = 0;
			defaultConfigurationName = Release;
		};
		FB014ECD2A330B67000F3EB8 /* Build configuration list for PBXNativeTarget "PocketBookUITests" */ = {
			isa = XCConfigurationList;
			buildConfigurations = (
				FB014ECE2A330B67000F3EB8 /* Debug */,
				FB014ECF2A330B67000F3EB8 /* Release */,
			);
			defaultConfigurationIsVisible = 0;
			defaultConfigurationName = Release;
		};
/* End XCConfigurationList section */

/* Begin XCRemoteSwiftPackageReference section */
		FB014ED02A330C31000F3EB8 /* XCRemoteSwiftPackageReference "SnapKit" */ = {
			isa = XCRemoteSwiftPackageReference;
			repositoryURL = "https://github.com/SnapKit/SnapKit.git";
			requirement = {
				kind = upToNextMajorVersion;
				minimumVersion = 5.0.0;
			};
		};
		FB014ED32A330C42000F3EB8 /* XCRemoteSwiftPackageReference "Alamofire" */ = {
			isa = XCRemoteSwiftPackageReference;
			repositoryURL = "https://github.com/Alamofire/Alamofire.git";
			requirement = {
				kind = upToNextMajorVersion;
				minimumVersion = 5.0.0;
			};
		};
		FB014ED62A330C74000F3EB8 /* XCRemoteSwiftPackageReference "Kingfisher" */ = {
			isa = XCRemoteSwiftPackageReference;
			repositoryURL = "https://github.com/onevcat/Kingfisher.git";
			requirement = {
				kind = upToNextMajorVersion;
				minimumVersion = 7.0.0;
			};
		};
/* End XCRemoteSwiftPackageReference section */

/* Begin XCSwiftPackageProductDependency section */
		FB014ED12A330C31000F3EB8 /* SnapKit */ = {
			isa = XCSwiftPackageProductDependency;
			package = FB014ED02A330C31000F3EB8 /* XCRemoteSwiftPackageReference "SnapKit" */;
			productName = SnapKit;
		};
		FB014ED42A330C42000F3EB8 /* Alamofire */ = {
			isa = XCSwiftPackageProductDependency;
			package = FB014ED32A330C42000F3EB8 /* XCRemoteSwiftPackageReference "Alamofire" */;
			productName = Alamofire;
		};
		FB014ED72A330C74000F3EB8 /* Kingfisher */ = {
			isa = XCSwiftPackageProductDependency;
			package = FB014ED62A330C74000F3EB8 /* XCRemoteSwiftPackageReference "Kingfisher" */;
			productName = Kingfisher;
		};
/* End XCSwiftPackageProductDependency section */
	};
	rootObject = FB014E952A330B65000F3EB8 /* Project object */;
}
